// !$*UTF8*$!
{
	archiveVersion = 1;
	classes = {
	};
	objectVersion = 50;
	objects = {

/* Begin PBXBuildFile section */
		451D2FF52380E0F90032C3F4 /* LawnServicesViewController.swift in Sources */ = {isa = PBXBuildFile; fileRef = 451D2FF42380E0F90032C3F4 /* LawnServicesViewController.swift */; };
		45472F152340339C00EB74F4 /* AppDelegate.swift in Sources */ = {isa = PBXBuildFile; fileRef = 45472F142340339C00EB74F4 /* AppDelegate.swift */; };
		45472F1A2340339C00EB74F4 /* Main.storyboard in Resources */ = {isa = PBXBuildFile; fileRef = 45472F182340339C00EB74F4 /* Main.storyboard */; };
		45472F1C2340339E00EB74F4 /* Assets.xcassets in Resources */ = {isa = PBXBuildFile; fileRef = 45472F1B2340339E00EB74F4 /* Assets.xcassets */; };
		45472F1F2340339E00EB74F4 /* LaunchScreen.storyboard in Resources */ = {isa = PBXBuildFile; fileRef = 45472F1D2340339E00EB74F4 /* LaunchScreen.storyboard */; };
		45472F2B2340444C00EB74F4 /* AppointmentsTableViewController.swift in Sources */ = {isa = PBXBuildFile; fileRef = 45472F2A2340444C00EB74F4 /* AppointmentsTableViewController.swift */; };
		45472F2D2340446400EB74F4 /* ScheduleViewController.swift in Sources */ = {isa = PBXBuildFile; fileRef = 45472F2C2340446400EB74F4 /* ScheduleViewController.swift */; };
		45472F312340466300EB74F4 /* Appointment.xcdatamodeld in Sources */ = {isa = PBXBuildFile; fileRef = 45472F2F2340466300EB74F4 /* Appointment.xcdatamodeld */; };
		45472F362340484000EB74F4 /* CoreDataStack.swift in Sources */ = {isa = PBXBuildFile; fileRef = 45472F352340484000EB74F4 /* CoreDataStack.swift */; };
		45472F382340496000EB74F4 /* Appointment+Convenience.swift in Sources */ = {isa = PBXBuildFile; fileRef = 45472F372340496000EB74F4 /* Appointment+Convenience.swift */; };
		45472F3A23404A4A00EB74F4 /* AppointmentController.swift in Sources */ = {isa = PBXBuildFile; fileRef = 45472F3923404A4A00EB74F4 /* AppointmentController.swift */; };
		45472F502340FE5000EB74F4 /* AppointmentRepresentation.swift in Sources */ = {isa = PBXBuildFile; fileRef = 45472F4F2340FE5000EB74F4 /* AppointmentRepresentation.swift */; };
		45472F9C2348FECE00EB74F4 /* ServicePartCollectionViewController.swift in Sources */ = {isa = PBXBuildFile; fileRef = 45472F9B2348FECE00EB74F4 /* ServicePartCollectionViewController.swift */; };
		45472F9E2348FF3A00EB74F4 /* PartCollectionViewCell.swift in Sources */ = {isa = PBXBuildFile; fileRef = 45472F9D2348FF3A00EB74F4 /* PartCollectionViewCell.swift */; };
		45472FA1234902F200EB74F4 /* ServicePartController.swift in Sources */ = {isa = PBXBuildFile; fileRef = 45472FA0234902F200EB74F4 /* ServicePartController.swift */; };
		45472FA32349034200EB74F4 /* ServicePart.swift in Sources */ = {isa = PBXBuildFile; fileRef = 45472FA22349034200EB74F4 /* ServicePart.swift */; };
		45472FA62349125F00EB74F4 /* SearchServiceViewController.swift in Sources */ = {isa = PBXBuildFile; fileRef = 45472FA52349125F00EB74F4 /* SearchServiceViewController.swift */; };
		45E3A53C2380DEC300C3B065 /* LoginViewController.swift in Sources */ = {isa = PBXBuildFile; fileRef = 45E3A53B2380DEC300C3B065 /* LoginViewController.swift */; };
/* End PBXBuildFile section */

/* Begin PBXFileReference section */
		451D2FF42380E0F90032C3F4 /* LawnServicesViewController.swift */ = {isa = PBXFileReference; lastKnownFileType = sourcecode.swift; path = LawnServicesViewController.swift; sourceTree = "<group>"; };
		45472F112340339C00EB74F4 /* Smart-Lawn-App.app */ = {isa = PBXFileReference; explicitFileType = wrapper.application; includeInIndex = 0; path = "Smart-Lawn-App.app"; sourceTree = BUILT_PRODUCTS_DIR; };
		45472F142340339C00EB74F4 /* AppDelegate.swift */ = {isa = PBXFileReference; lastKnownFileType = sourcecode.swift; path = AppDelegate.swift; sourceTree = "<group>"; };
		45472F192340339C00EB74F4 /* Base */ = {isa = PBXFileReference; lastKnownFileType = file.storyboard; name = Base; path = Base.lproj/Main.storyboard; sourceTree = "<group>"; };
		45472F1B2340339E00EB74F4 /* Assets.xcassets */ = {isa = PBXFileReference; lastKnownFileType = folder.assetcatalog; path = Assets.xcassets; sourceTree = "<group>"; };
		45472F1E2340339E00EB74F4 /* Base */ = {isa = PBXFileReference; lastKnownFileType = file.storyboard; name = Base; path = Base.lproj/LaunchScreen.storyboard; sourceTree = "<group>"; };
		45472F202340339E00EB74F4 /* Info.plist */ = {isa = PBXFileReference; lastKnownFileType = text.plist.xml; path = Info.plist; sourceTree = "<group>"; };
		45472F2A2340444C00EB74F4 /* AppointmentsTableViewController.swift */ = {isa = PBXFileReference; lastKnownFileType = sourcecode.swift; path = AppointmentsTableViewController.swift; sourceTree = "<group>"; };
		45472F2C2340446400EB74F4 /* ScheduleViewController.swift */ = {isa = PBXFileReference; lastKnownFileType = sourcecode.swift; path = ScheduleViewController.swift; sourceTree = "<group>"; };
		45472F302340466300EB74F4 /* Appointment.xcdatamodel */ = {isa = PBXFileReference; lastKnownFileType = wrapper.xcdatamodel; path = Appointment.xcdatamodel; sourceTree = "<group>"; };
		45472F352340484000EB74F4 /* CoreDataStack.swift */ = {isa = PBXFileReference; lastKnownFileType = sourcecode.swift; path = CoreDataStack.swift; sourceTree = "<group>"; };
		45472F372340496000EB74F4 /* Appointment+Convenience.swift */ = {isa = PBXFileReference; lastKnownFileType = sourcecode.swift; path = "Appointment+Convenience.swift"; sourceTree = "<group>"; };
		45472F3923404A4A00EB74F4 /* AppointmentController.swift */ = {isa = PBXFileReference; lastKnownFileType = sourcecode.swift; path = AppointmentController.swift; sourceTree = "<group>"; };
		45472F4E2340FE1C00EB74F4 /* Appointment 2.xcdatamodel */ = {isa = PBXFileReference; lastKnownFileType = wrapper.xcdatamodel; path = "Appointment 2.xcdatamodel"; sourceTree = "<group>"; };
		45472F4F2340FE5000EB74F4 /* AppointmentRepresentation.swift */ = {isa = PBXFileReference; lastKnownFileType = sourcecode.swift; name = AppointmentRepresentation.swift; path = ../AppointmentRepresentation.swift; sourceTree = "<group>"; };
		45472F9B2348FECE00EB74F4 /* ServicePartCollectionViewController.swift */ = {isa = PBXFileReference; lastKnownFileType = sourcecode.swift; path = ServicePartCollectionViewController.swift; sourceTree = "<group>"; };
		45472F9D2348FF3A00EB74F4 /* PartCollectionViewCell.swift */ = {isa = PBXFileReference; lastKnownFileType = sourcecode.swift; path = PartCollectionViewCell.swift; sourceTree = "<group>"; };
		45472FA0234902F200EB74F4 /* ServicePartController.swift */ = {isa = PBXFileReference; lastKnownFileType = sourcecode.swift; path = ServicePartController.swift; sourceTree = "<group>"; };
		45472FA22349034200EB74F4 /* ServicePart.swift */ = {isa = PBXFileReference; lastKnownFileType = sourcecode.swift; path = ServicePart.swift; sourceTree = "<group>"; };
		45472FA52349125F00EB74F4 /* SearchServiceViewController.swift */ = {isa = PBXFileReference; lastKnownFileType = sourcecode.swift; path = SearchServiceViewController.swift; sourceTree = "<group>"; };
		45E3A53B2380DEC300C3B065 /* LoginViewController.swift */ = {isa = PBXFileReference; lastKnownFileType = sourcecode.swift; path = LoginViewController.swift; sourceTree = "<group>"; };
/* End PBXFileReference section */

/* Begin PBXFrameworksBuildPhase section */
		45472F0E2340339C00EB74F4 /* Frameworks */ = {
			isa = PBXFrameworksBuildPhase;
			buildActionMask = 2147483647;
			files = (
			);
			runOnlyForDeploymentPostprocessing = 0;
		};
/* End PBXFrameworksBuildPhase section */

/* Begin PBXGroup section */
		45472F082340339C00EB74F4 = {
			isa = PBXGroup;
			children = (
				45472FA42349040D00EB74F4 /* Model Controllers */,
				45472F342340481900EB74F4 /* Models */,
				45472F2E234044CE00EB74F4 /* View Controllers */,
				45472F2923403B5C00EB74F4 /* StoryBoards */,
				45472F28234037AB00EB74F4 /* Views */,
				45472F132340339C00EB74F4 /* Smart-Lawn-App */,
				45472F122340339C00EB74F4 /* Products */,
			);
			sourceTree = "<group>";
		};
		45472F122340339C00EB74F4 /* Products */ = {
			isa = PBXGroup;
			children = (
				45472F112340339C00EB74F4 /* Smart-Lawn-App.app */,
			);
			name = Products;
			sourceTree = "<group>";
		};
		45472F132340339C00EB74F4 /* Smart-Lawn-App */ = {
			isa = PBXGroup;
			children = (
				45472F142340339C00EB74F4 /* AppDelegate.swift */,
				45472F1B2340339E00EB74F4 /* Assets.xcassets */,
				45472F202340339E00EB74F4 /* Info.plist */,
			);
			path = "Smart-Lawn-App";
			sourceTree = "<group>";
		};
		45472F28234037AB00EB74F4 /* Views */ = {
			isa = PBXGroup;
			children = (
				45472F9D2348FF3A00EB74F4 /* PartCollectionViewCell.swift */,
			);
			path = Views;
			sourceTree = "<group>";
		};
		45472F2923403B5C00EB74F4 /* StoryBoards */ = {
			isa = PBXGroup;
			children = (
				45472F182340339C00EB74F4 /* Main.storyboard */,
				45472F1D2340339E00EB74F4 /* LaunchScreen.storyboard */,
			);
			path = StoryBoards;
			sourceTree = "<group>";
		};
		45472F2E234044CE00EB74F4 /* View Controllers */ = {
			isa = PBXGroup;
			children = (
				451D2FF42380E0F90032C3F4 /* LawnServicesViewController.swift */,
				45E3A53B2380DEC300C3B065 /* LoginViewController.swift */,
				45472FA52349125F00EB74F4 /* SearchServiceViewController.swift */,
				45472F9B2348FECE00EB74F4 /* ServicePartCollectionViewController.swift */,
				45472F2A2340444C00EB74F4 /* AppointmentsTableViewController.swift */,
				45472F2C2340446400EB74F4 /* ScheduleViewController.swift */,
			);
			path = "View Controllers";
			sourceTree = "<group>";
		};
		45472F342340481900EB74F4 /* Models */ = {
			isa = PBXGroup;
			children = (
				45472FA22349034200EB74F4 /* ServicePart.swift */,
				45472F4F2340FE5000EB74F4 /* AppointmentRepresentation.swift */,
				45472F352340484000EB74F4 /* CoreDataStack.swift */,
				45472F372340496000EB74F4 /* Appointment+Convenience.swift */,
				45472F2F2340466300EB74F4 /* Appointment.xcdatamodeld */,
			);
			path = Models;
			sourceTree = "<group>";
		};
		45472FA42349040D00EB74F4 /* Model Controllers */ = {
			isa = PBXGroup;
			children = (
				45472F3923404A4A00EB74F4 /* AppointmentController.swift */,
				45472FA0234902F200EB74F4 /* ServicePartController.swift */,
			);
			path = "Model Controllers";
			sourceTree = "<group>";
		};
/* End PBXGroup section */

/* Begin PBXNativeTarget section */
		45472F102340339C00EB74F4 /* Smart-Lawn-App */ = {
			isa = PBXNativeTarget;
			buildConfigurationList = 45472F232340339E00EB74F4 /* Build configuration list for PBXNativeTarget "Smart-Lawn-App" */;
			buildPhases = (
				45472F0D2340339C00EB74F4 /* Sources */,
				45472F0E2340339C00EB74F4 /* Frameworks */,
				45472F0F2340339C00EB74F4 /* Resources */,
			);
			buildRules = (
			);
			dependencies = (
			);
			name = "Smart-Lawn-App";
			productName = "Smart-Lawn-App";
			productReference = 45472F112340339C00EB74F4 /* Smart-Lawn-App.app */;
			productType = "com.apple.product-type.application";
		};
/* End PBXNativeTarget section */

/* Begin PBXProject section */
		45472F092340339C00EB74F4 /* Project object */ = {
			isa = PBXProject;
			attributes = {
				LastSwiftUpdateCheck = 1020;
				LastUpgradeCheck = 1020;
				ORGANIZATIONNAME = "Lambda School";
				TargetAttributes = {
					45472F102340339C00EB74F4 = {
						CreatedOnToolsVersion = 10.2.1;
					};
				};
			};
			buildConfigurationList = 45472F0C2340339C00EB74F4 /* Build configuration list for PBXProject "Smart-Lawn-App" */;
			compatibilityVersion = "Xcode 9.3";
			developmentRegion = en;
			hasScannedForEncodings = 0;
			knownRegions = (
				en,
				Base,
			);
			mainGroup = 45472F082340339C00EB74F4;
			productRefGroup = 45472F122340339C00EB74F4 /* Products */;
			projectDirPath = "";
			projectRoot = "";
			targets = (
				45472F102340339C00EB74F4 /* Smart-Lawn-App */,
			);
		};
/* End PBXProject section */

/* Begin PBXResourcesBuildPhase section */
		45472F0F2340339C00EB74F4 /* Resources */ = {
			isa = PBXResourcesBuildPhase;
			buildActionMask = 2147483647;
			files = (
				45472F1F2340339E00EB74F4 /* LaunchScreen.storyboard in Resources */,
				45472F1C2340339E00EB74F4 /* Assets.xcassets in Resources */,
				45472F1A2340339C00EB74F4 /* Main.storyboard in Resources */,
			);
			runOnlyForDeploymentPostprocessing = 0;
		};
/* End PBXResourcesBuildPhase section */

/* Begin PBXSourcesBuildPhase section */
		45472F0D2340339C00EB74F4 /* Sources */ = {
			isa = PBXSourcesBuildPhase;
			buildActionMask = 2147483647;
			files = (
				45E3A53C2380DEC300C3B065 /* LoginViewController.swift in Sources */,
				45472F362340484000EB74F4 /* CoreDataStack.swift in Sources */,
				45472F9E2348FF3A00EB74F4 /* PartCollectionViewCell.swift in Sources */,
				45472F312340466300EB74F4 /* Appointment.xcdatamodeld in Sources */,
				45472F152340339C00EB74F4 /* AppDelegate.swift in Sources */,
				45472F2B2340444C00EB74F4 /* AppointmentsTableViewController.swift in Sources */,
				45472FA1234902F200EB74F4 /* ServicePartController.swift in Sources */,
				45472F2D2340446400EB74F4 /* ScheduleViewController.swift in Sources */,
				45472F3A23404A4A00EB74F4 /* AppointmentController.swift in Sources */,
				45472FA32349034200EB74F4 /* ServicePart.swift in Sources */,
				45472F502340FE5000EB74F4 /* AppointmentRepresentation.swift in Sources */,
				45472F382340496000EB74F4 /* Appointment+Convenience.swift in Sources */,
				45472FA62349125F00EB74F4 /* SearchServiceViewController.swift in Sources */,
				451D2FF52380E0F90032C3F4 /* LawnServicesViewController.swift in Sources */,
				45472F9C2348FECE00EB74F4 /* ServicePartCollectionViewController.swift in Sources */,
			);
			runOnlyForDeploymentPostprocessing = 0;
		};
/* End PBXSourcesBuildPhase section */

/* Begin PBXVariantGroup section */
		45472F182340339C00EB74F4 /* Main.storyboard */ = {
			isa = PBXVariantGroup;
			children = (
				45472F192340339C00EB74F4 /* Base */,
			);
			name = Main.storyboard;
			sourceTree = "<group>";
		};
		45472F1D2340339E00EB74F4 /* LaunchScreen.storyboard */ = {
			isa = PBXVariantGroup;
			children = (
				45472F1E2340339E00EB74F4 /* Base */,
			);
			name = LaunchScreen.storyboard;
			sourceTree = "<group>";
		};
/* End PBXVariantGroup section */

/* Begin XCBuildConfiguration section */
		45472F212340339E00EB74F4 /* Debug */ = {
			isa = XCBuildConfiguration;
			buildSettings = {
				ALWAYS_SEARCH_USER_PATHS = NO;
				CLANG_ANALYZER_NONNULL = YES;
				CLANG_ANALYZER_NUMBER_OBJECT_CONVERSION = YES_AGGRESSIVE;
				CLANG_CXX_LANGUAGE_STANDARD = "gnu++14";
				CLANG_CXX_LIBRARY = "libc++";
				CLANG_ENABLE_MODULES = YES;
				CLANG_ENABLE_OBJC_ARC = YES;
				CLANG_ENABLE_OBJC_WEAK = YES;
				CLANG_WARN_BLOCK_CAPTURE_AUTORELEASING = YES;
				CLANG_WARN_BOOL_CONVERSION = YES;
				CLANG_WARN_COMMA = YES;
				CLANG_WARN_CONSTANT_CONVERSION = YES;
				CLANG_WARN_DEPRECATED_OBJC_IMPLEMENTATIONS = YES;
				CLANG_WARN_DIRECT_OBJC_ISA_USAGE = YES_ERROR;
				CLANG_WARN_DOCUMENTATION_COMMENTS = YES;
				CLANG_WARN_EMPTY_BODY = YES;
				CLANG_WARN_ENUM_CONVERSION = YES;
				CLANG_WARN_INFINITE_RECURSION = YES;
				CLANG_WARN_INT_CONVERSION = YES;
				CLANG_WARN_NON_LITERAL_NULL_CONVERSION = YES;
				CLANG_WARN_OBJC_IMPLICIT_RETAIN_SELF = YES;
				CLANG_WARN_OBJC_LITERAL_CONVERSION = YES;
				CLANG_WARN_OBJC_ROOT_CLASS = YES_ERROR;
				CLANG_WARN_RANGE_LOOP_ANALYSIS = YES;
				CLANG_WARN_STRICT_PROTOTYPES = YES;
				CLANG_WARN_SUSPICIOUS_MOVE = YES;
				CLANG_WARN_UNGUARDED_AVAILABILITY = YES_AGGRESSIVE;
				CLANG_WARN_UNREACHABLE_CODE = YES;
				CLANG_WARN__DUPLICATE_METHOD_MATCH = YES;
				CODE_SIGN_IDENTITY = "iPhone Developer";
				COPY_PHASE_STRIP = NO;
				DEBUG_INFORMATION_FORMAT = dwarf;
				ENABLE_STRICT_OBJC_MSGSEND = YES;
				ENABLE_TESTABILITY = YES;
				GCC_C_LANGUAGE_STANDARD = gnu11;
				GCC_DYNAMIC_NO_PIC = NO;
				GCC_NO_COMMON_BLOCKS = YES;
				GCC_OPTIMIZATION_LEVEL = 0;
				GCC_PREPROCESSOR_DEFINITIONS = (
					"DEBUG=1",
					"$(inherited)",
				);
				GCC_WARN_64_TO_32_BIT_CONVERSION = YES;
				GCC_WARN_ABOUT_RETURN_TYPE = YES_ERROR;
				GCC_WARN_UNDECLARED_SELECTOR = YES;
				GCC_WARN_UNINITIALIZED_AUTOS = YES_AGGRESSIVE;
				GCC_WARN_UNUSED_FUNCTION = YES;
				GCC_WARN_UNUSED_VARIABLE = YES;
				IPHONEOS_DEPLOYMENT_TARGET = 12.2;
				MTL_ENABLE_DEBUG_INFO = INCLUDE_SOURCE;
				MTL_FAST_MATH = YES;
				ONLY_ACTIVE_ARCH = YES;
				SDKROOT = iphoneos;
				SWIFT_ACTIVE_COMPILATION_CONDITIONS = DEBUG;
				SWIFT_OPTIMIZATION_LEVEL = "-Onone";
			};
			name = Debug;
		};
		45472F222340339E00EB74F4 /* Release */ = {
			isa = XCBuildConfiguration;
			buildSettings = {
				ALWAYS_SEARCH_USER_PATHS = NO;
				CLANG_ANALYZER_NONNULL = YES;
				CLANG_ANALYZER_NUMBER_OBJECT_CONVERSION = YES_AGGRESSIVE;
				CLANG_CXX_LANGUAGE_STANDARD = "gnu++14";
				CLANG_CXX_LIBRARY = "libc++";
				CLANG_ENABLE_MODULES = YES;
				CLANG_ENABLE_OBJC_ARC = YES;
				CLANG_ENABLE_OBJC_WEAK = YES;
				CLANG_WARN_BLOCK_CAPTURE_AUTORELEASING = YES;
				CLANG_WARN_BOOL_CONVERSION = YES;
				CLANG_WARN_COMMA = YES;
				CLANG_WARN_CONSTANT_CONVERSION = YES;
				CLANG_WARN_DEPRECATED_OBJC_IMPLEMENTATIONS = YES;
				CLANG_WARN_DIRECT_OBJC_ISA_USAGE = YES_ERROR;
				CLANG_WARN_DOCUMENTATION_COMMENTS = YES;
				CLANG_WARN_EMPTY_BODY = YES;
				CLANG_WARN_ENUM_CONVERSION = YES;
				CLANG_WARN_INFINITE_RECURSION = YES;
				CLANG_WARN_INT_CONVERSION = YES;
				CLANG_WARN_NON_LITERAL_NULL_CONVERSION = YES;
				CLANG_WARN_OBJC_IMPLICIT_RETAIN_SELF = YES;
				CLANG_WARN_OBJC_LITERAL_CONVERSION = YES;
				CLANG_WARN_OBJC_ROOT_CLASS = YES_ERROR;
				CLANG_WARN_RANGE_LOOP_ANALYSIS = YES;
				CLANG_WARN_STRICT_PROTOTYPES = YES;
				CLANG_WARN_SUSPICIOUS_MOVE = YES;
				CLANG_WARN_UNGUARDED_AVAILABILITY = YES_AGGRESSIVE;
				CLANG_WARN_UNREACHABLE_CODE = YES;
				CLANG_WARN__DUPLICATE_METHOD_MATCH = YES;
				CODE_SIGN_IDENTITY = "iPhone Developer";
				COPY_PHASE_STRIP = NO;
				DEBUG_INFORMATION_FORMAT = "dwarf-with-dsym";
				ENABLE_NS_ASSERTIONS = NO;
				ENABLE_STRICT_OBJC_MSGSEND = YES;
				GCC_C_LANGUAGE_STANDARD = gnu11;
				GCC_NO_COMMON_BLOCKS = YES;
				GCC_WARN_64_TO_32_BIT_CONVERSION = YES;
				GCC_WARN_ABOUT_RETURN_TYPE = YES_ERROR;
				GCC_WARN_UNDECLARED_SELECTOR = YES;
				GCC_WARN_UNINITIALIZED_AUTOS = YES_AGGRESSIVE;
				GCC_WARN_UNUSED_FUNCTION = YES;
				GCC_WARN_UNUSED_VARIABLE = YES;
				IPHONEOS_DEPLOYMENT_TARGET = 12.2;
				MTL_ENABLE_DEBUG_INFO = NO;
				MTL_FAST_MATH = YES;
				SDKROOT = iphoneos;
				SWIFT_COMPILATION_MODE = wholemodule;
				SWIFT_OPTIMIZATION_LEVEL = "-O";
				VALIDATE_PRODUCT = YES;
			};
			name = Release;
		};
		45472F242340339E00EB74F4 /* Debug */ = {
			isa = XCBuildConfiguration;
			buildSettings = {
				ASSETCATALOG_COMPILER_APPICON_NAME = AppIcon;
				CODE_SIGN_STYLE = Automatic;
				INFOPLIST_FILE = "Smart-Lawn-App/Info.plist";
				LD_RUNPATH_SEARCH_PATHS = (
					"$(inherited)",
					"@executable_path/Frameworks",
				);
				PRODUCT_BUNDLE_IDENTIFIER = "com.flash.Smart-Lawn-App";
				PRODUCT_NAME = "$(TARGET_NAME)";
				SWIFT_VERSION = 5.0;
				TARGETED_DEVICE_FAMILY = "1,2";
			};
			name = Debug;
		};
		45472F252340339E00EB74F4 /* Release */ = {
			isa = XCBuildConfiguration;
			buildSettings = {
				ASSETCATALOG_COMPILER_APPICON_NAME = AppIcon;
				CODE_SIGN_STYLE = Automatic;
				INFOPLIST_FILE = "Smart-Lawn-App/Info.plist";
				LD_RUNPATH_SEARCH_PATHS = (
					"$(inherited)",
					"@executable_path/Frameworks",
				);
				PRODUCT_BUNDLE_IDENTIFIER = "com.flash.Smart-Lawn-App";
				PRODUCT_NAME = "$(TARGET_NAME)";
				SWIFT_VERSION = 5.0;
				TARGETED_DEVICE_FAMILY = "1,2";
			};
			name = Release;
		};
/* End XCBuildConfiguration section */

/* Begin XCConfigurationList section */
		45472F0C2340339C00EB74F4 /* Build configuration list for PBXProject "Smart-Lawn-App" */ = {
			isa = XCConfigurationList;
			buildConfigurations = (
				45472F212340339E00EB74F4 /* Debug */,
				45472F222340339E00EB74F4 /* Release */,
			);
			defaultConfigurationIsVisible = 0;
			defaultConfigurationName = Release;
		};
		45472F232340339E00EB74F4 /* Build configuration list for PBXNativeTarget "Smart-Lawn-App" */ = {
			isa = XCConfigurationList;
			buildConfigurations = (
				45472F242340339E00EB74F4 /* Debug */,
				45472F252340339E00EB74F4 /* Release */,
			);
			defaultConfigurationIsVisible = 0;
			defaultConfigurationName = Release;
		};
/* End XCConfigurationList section */

/* Begin XCVersionGroup section */
		45472F2F2340466300EB74F4 /* Appointment.xcdatamodeld */ = {
			isa = XCVersionGroup;
			children = (
				45472F4E2340FE1C00EB74F4 /* Appointment 2.xcdatamodel */,
				45472F302340466300EB74F4 /* Appointment.xcdatamodel */,
			);
			currentVersion = 45472F4E2340FE1C00EB74F4 /* Appointment 2.xcdatamodel */;
			path = Appointment.xcdatamodeld;
			sourceTree = "<group>";
			versionGroupType = wrapper.xcdatamodel;
		};
/* End XCVersionGroup section */
	};
	rootObject = 45472F092340339C00EB74F4 /* Project object */;
}
